
Microsoft Visual Studio Solution File, Format Version 12.00
# Visual Studio Version 16
VisualStudioVersion = 16.0.30711.63
MinimumVisualStudioVersion = 10.0.40219.1
Project("{FAE04EC0-301F-11D3-BF4B-00C04F79EFBC}") = "StinchkumHomeworkLesson4", "StinchkumHomeworkLesson4\StinchkumHomeworkLesson4.csproj", "{1FC64814-407A-4135-BC6B-2899082E2C89}"
EndProject
Global
	GlobalSection(SolutionConfigurationPlatforms) = preSolution
		Debug|Any CPU = Debug|Any CPU
		Release|Any CPU = Release|Any CPU
	EndGlobalSection
	GlobalSection(ProjectConfigurationPlatforms) = postSolution
		{1FC64814-407A-4135-BC6B-2899082E2C89}.Debug|Any CPU.ActiveCfg = Debug|Any CPU
		{1FC64814-407A-4135-BC6B-2899082E2C89}.Debug|Any CPU.Build.0 = Debug|Any CPU
		{1FC64814-407A-4135-BC6B-2899082E2C89}.Release|Any CPU.ActiveCfg = Release|Any CPU
		{1FC64814-407A-4135-BC6B-2899082E2C89}.Release|Any CPU.Build.0 = Release|Any CPU
	EndGlobalSection
	GlobalSection(SolutionProperties) = preSolution
		HideSolutionNode = FALSE
	EndGlobalSection
	GlobalSection(ExtensibilityGlobals) = postSolution
		SolutionGuid = {EB1BE80D-1DD5-462E-B3BE-4B0CA96D8704}
	EndGlobalSection
EndGlobal
